
Microsoft Visual Studio Solution File, Format Version 12.00
# Visual Studio 2013
VisualStudioVersion = 12.0.21005.1
MinimumVisualStudioVersion = 10.0.40219.1
Project("{FAE04EC0-301F-11D3-BF4B-00C04F79EFBC}") = "ClassLibrary1", "ClassLibrary1\ClassLibrary1.csproj", "{88C95BB6-5ED7-4843-A9EF-1C57EA869457}"
EndProject
Project("{FAE04EC0-301F-11D3-BF4B-00C04F79EFBC}") = "Ejecuti", "Ejecuti\Ejecuti.csproj", "{5E133989-BD7A-4FC8-9556-58F5A4D94767}"
EndProject
Global
	GlobalSection(SolutionConfigurationPlatforms) = preSolution
		Debug|Any CPU = Debug|Any CPU
		Release|Any CPU = Release|Any CPU
	EndGlobalSection
	GlobalSection(ProjectConfigurationPlatforms) = postSolution
		{88C95BB6-5ED7-4843-A9EF-1C57EA869457}.Debug|Any CPU.ActiveCfg = Debug|Any CPU
		{88C95BB6-5ED7-4843-A9EF-1C57EA869457}.Debug|Any CPU.Build.0 = Debug|Any CPU
		{88C95BB6-5ED7-4843-A9EF-1C57EA869457}.Release|Any CPU.ActiveCfg = Release|Any CPU
		{88C95BB6-5ED7-4843-A9EF-1C57EA869457}.Release|Any CPU.Build.0 = Release|Any CPU
		{5E133989-BD7A-4FC8-9556-58F5A4D94767}.Debug|Any CPU.ActiveCfg = Debug|Any CPU
		{5E133989-BD7A-4FC8-9556-58F5A4D94767}.Debug|Any CPU.Build.0 = Debug|Any CPU
		{5E133989-BD7A-4FC8-9556-58F5A4D94767}.Release|Any CPU.ActiveCfg = Release|Any CPU
		{5E133989-BD7A-4FC8-9556-58F5A4D94767}.Release|Any CPU.Build.0 = Release|Any CPU
	EndGlobalSection
	GlobalSection(SolutionProperties) = preSolution
		HideSolutionNode = FALSE
	EndGlobalSection
EndGlobal
